<?xml version="1.0" encoding="utf-8"?>
<Project ToolsVersion="4.0" xmlns="http://schemas.microsoft.com/developer/msbuild/2003">
  <ItemGroup>
    <Filter Include="Core">
      <UniqueIdentifier>{A1A9D48A-CC95-42AC-8E9A-5A9C2F2B9A01}</UniqueIdentifier>
    </Filter>
    <Filter Include="Common">
      <UniqueIdentifier>{B16D120A-468E-4C19-AE28-D93CF73E56E2}</UniqueIdentifier>
    </Filter>
    <Filter Include="Packets">
      <UniqueIdentifier>{5C3DED7E-84C5-457C-B5AD-67BE3685C583}</UniqueIdentifier>
    </Filter>
    <Filter Include="Network">
      <UniqueIdentifier>{A2286861-9105-414E-A3A9-952A1494B030}</UniqueIdentifier>
    </Filter>
    <Filter Include="Database">
      <UniqueIdentifier>{7B1F63C5-C20D-4D77-A1D5-D8FA16F19C02}</UniqueIdentifier>
    </Filter>
    <Filter Include="Game">
      <UniqueIdentifier>{91BDAE93-2AE0-438B-9317-CAB263C9FE86}</UniqueIdentifier>
    </Filter>
    <Filter Include="Rooms">
      <UniqueIdentifier>{0BF88965-38D9-4557-96BC-D7195F0DA3BB}</UniqueIdentifier>
    </Filter>
    <Filter Include="Managers">
      <UniqueIdentifier>{896E48DF-62AF-4F92-AE0C-023AD3952356}</UniqueIdentifier>
    </Filter>
    <Filter Include="Threads">
      <UniqueIdentifier>{7740505E-CB44-40D8-A7A5-3CF1B661EF85}</UniqueIdentifier>
    </Filter>
    <Filter Include="Threads\Managers">
      <UniqueIdentifier>{9A462F40-940F-4C63-BC01-E363D6B3E55E}</UniqueIdentifier>
    </Filter>
    <Filter Include="Threads\Threads">
      <UniqueIdentifier>{58DB55B4-8B0D-447F-A944-D3933C9CA0B1}</UniqueIdentifier>
    </Filter>
  </ItemGroup>
  <ItemGroup>
    <ClCompile Include="Core\IOCPServer.cpp">
      <Filter>Core</Filter>
    </ClCompile>
    <ClCompile Include="Core\main.cpp">
      <Filter>Core</Filter>
    </ClCompile>
    <ClCompile Include="Managers\ActiveRoomManager.cpp">
      <Filter>Managers</Filter>
    </ClCompile>
    <ClCompile Include="Managers\ActivePlayerManager.cpp">
      <Filter>Managers</Filter>
    </ClCompile>
    <ClCompile Include="Managers\RankingManager.cpp">
      <Filter>Managers</Filter>
    </ClCompile>
    <ClCompile Include="Network\PacketHandler.cpp">
      <Filter>Network</Filter>
    </ClCompile>
    <ClCompile Include="Network\SendBuffer.cpp">
      <Filter>Network</Filter>
    </ClCompile>
    <ClCompile Include="Network\Session.cpp">
      <Filter>Network</Filter>
    </ClCompile>
    <ClCompile Include="Database\DBThread.cpp">
      <Filter>Database</Filter>
    </ClCompile>
    <ClCompile Include="Database\DBResultHandler.cpp">
      <Filter>Database</Filter>
    </ClCompile>
    <ClCompile Include="Database\GameDBThread.cpp">
      <Filter>Database</Filter>
    </ClCompile>
    <ClCompile Include="Database\LoginDBThread.cpp">
      <Filter>Database</Filter>
    </ClCompile>
    <ClCompile Include="Game\Tetris.cpp">
      <Filter>Game</Filter>
    </ClCompile>
    <ClCompile Include="Game\TetrisTimers.cpp">
      <Filter>Game</Filter>
    </ClCompile>
    <ClCompile Include="Rooms\FivePlayerRoom.cpp">
      <Filter>Rooms</Filter>
    </ClCompile>
    <ClCompile Include="Rooms\MultiRoom.cpp">
      <Filter>Rooms</Filter>
    </ClCompile>
    <ClCompile Include="Game\Player.cpp">
      <Filter>Game</Filter>
    </ClCompile>
    <ClCompile Include="Rooms\SingleRoom.cpp">
      <Filter>Rooms</Filter>
    </ClCompile>
    <ClCompile Include="Rooms\TetrisRoom.cpp">
      <Filter>Rooms</Filter>
    </ClCompile>
    <ClCompile Include="Rooms\TwoPlayerRoom.cpp">
      <Filter>Rooms</Filter>
    </ClCompile>
    <ClCompile Include="Threads\Threads\IOThread.cpp">
      <Filter>Threads\Threads</Filter>
    </ClCompile>
    <ClCompile Include="Threads\Managers\IOThreadManager.cpp">
      <Filter>Threads\Managers</Filter>
    </ClCompile>
    <ClCompile Include="Threads\Threads\ServerThread.cpp">
      <Filter>Threads\Threads</Filter>
    </ClCompile>
    <ClCompile Include="Threads\Managers\ServerThreadManager.cpp">
      <Filter>Threads\Managers</Filter>
    </ClCompile>
    <ClCompile Include="Threads\Managers\DBThreadManager.cpp">
      <Filter>Threads\Managers</Filter>
    </ClCompile>
    <ClCompile Include="Threads\TickPhaseContext.cpp">
      <Filter>Threads</Filter>
    </ClCompile>
    <ClCompile Include="Threads\Threads\TickThread.cpp">
      <Filter>Threads\Threads</Filter>
    </ClCompile>
    <ClCompile Include="Threads\Managers\TickThreadManager.cpp">
      <Filter>Threads\Managers</Filter>
    </ClCompile>
    <ClCompile Include="Threads\Threads\TimerThread.cpp">
      <Filter>Threads\Threads</Filter>
    </ClCompile>
    <ClCompile Include="Threads\Managers\TimerThreadManager.cpp">
      <Filter>Threads\Managers</Filter>
    </ClCompile>
  </ItemGroup>
  <ItemGroup>
    <ClInclude Include="Core\IOCPServer.h">
      <Filter>Core</Filter>
    </ClInclude>
    <ClInclude Include="Common\ConcurrentTaskQueue.h">
      <Filter>Common</Filter>
    </ClInclude>
    <ClInclude Include="Common\enum_class.h">
      <Filter>Common</Filter>
    </ClInclude>
    <ClInclude Include="Common\error_code.h">
      <Filter>Common</Filter>
    </ClInclude>
    <ClInclude Include="Common\info_code.h">
      <Filter>Common</Filter>
    </ClInclude>
    <ClInclude Include="Common\settings.h">
      <Filter>Common</Filter>
    </ClInclude>
    <ClInclude Include="Common\types.h">
      <Filter>Common</Filter>
    </ClInclude>
    <ClInclude Include="Packets\define_packets.h">
      <Filter>Packets</Filter>
    </ClInclude>
    <ClInclude Include="Packets\packet_types.h">
      <Filter>Packets</Filter>
    </ClInclude>
    <ClInclude Include="Network\ExOverlapped.h">
      <Filter>Network</Filter>
    </ClInclude>
    <ClInclude Include="Network\PacketHandler.h">
      <Filter>Network</Filter>
    </ClInclude>
    <ClInclude Include="Network\SendBuffer.h">
      <Filter>Network</Filter>
    </ClInclude>
    <ClInclude Include="Network\Session.h">
      <Filter>Network</Filter>
    </ClInclude>
    <ClInclude Include="Database\DBThread.h">
      <Filter>Database</Filter>
    </ClInclude>
    <ClInclude Include="Database\DBResult.h">
      <Filter>Database</Filter>
    </ClInclude>
    <ClInclude Include="Database\DBResultHandler.h">
      <Filter>Database</Filter>
    </ClInclude>
    <ClInclude Include="Database\DBTasks.h">
      <Filter>Database</Filter>
    </ClInclude>
    <ClInclude Include="Database\GameDBThread.h">
      <Filter>Database</Filter>
    </ClInclude>
    <ClInclude Include="Database\LoginDBThread.h">
      <Filter>Database</Filter>
    </ClInclude>
    <ClInclude Include="Game\task_type.h">
      <Filter>Game</Filter>
    </ClInclude>
    <ClInclude Include="Game\Tetris.h">
      <Filter>Game</Filter>
    </ClInclude>
    <ClInclude Include="Game\TetrisTimers.h">
      <Filter>Game</Filter>
    </ClInclude>
    <ClInclude Include="Game\Tetromino.h">
      <Filter>Game</Filter>
    </ClInclude>
    <ClInclude Include="Rooms\FivePlayerRoom.h">
      <Filter>Rooms</Filter>
    </ClInclude>
    <ClInclude Include="Rooms\MultiRoom.h">
      <Filter>Rooms</Filter>
    </ClInclude>
    <ClInclude Include="Game\Player.h">
      <Filter>Game</Filter>
    </ClInclude>
    <ClInclude Include="Rooms\SingleRoom.h">
      <Filter>Rooms</Filter>
    </ClInclude>
    <ClInclude Include="Rooms\TetrisRoom.h">
      <Filter>Rooms</Filter>
    </ClInclude>
    <ClInclude Include="Rooms\TwoPlayerRoom.h">
      <Filter>Rooms</Filter>
    </ClInclude>
    <ClInclude Include="Managers\ActiveRoomManager.h">
      <Filter>Managers</Filter>
    </ClInclude>
    <ClInclude Include="Managers\ActivePlayerManager.h">
      <Filter>Managers</Filter>
    </ClInclude>
    <ClInclude Include="Managers\RankingManager.h">
      <Filter>Managers</Filter>
    </ClInclude>
    <ClInclude Include="Threads\Threads\IOThread.h">
      <Filter>Threads\Threads</Filter>
    </ClInclude>
    <ClInclude Include="Threads\Managers\IOThreadManager.h">
      <Filter>Threads\Managers</Filter>
    </ClInclude>
    <ClInclude Include="Threads\Threads\ServerThread.h">
      <Filter>Threads\Threads</Filter>
    </ClInclude>
    <ClInclude Include="Threads\Managers\ServerThreadManager.h">
      <Filter>Threads\Managers</Filter>
    </ClInclude>
    <ClInclude Include="Threads\Managers\DBThreadManager.h">
      <Filter>Threads\Managers</Filter>
    </ClInclude>
    <ClInclude Include="Threads\tick_state.h">
      <Filter>Threads</Filter>
    </ClInclude>
    <ClInclude Include="Threads\TickPhaseContext.h">
      <Filter>Threads</Filter>
    </ClInclude>
    <ClInclude Include="Threads\Threads\TickThread.h">
      <Filter>Threads\Threads</Filter>
    </ClInclude>
    <ClInclude Include="Threads\Managers\TickThreadManager.h">
      <Filter>Threads\Managers</Filter>
    </ClInclude>
    <ClInclude Include="Threads\Threads\TimerThread.h">
      <Filter>Threads\Threads</Filter>
    </ClInclude>
    <ClInclude Include="Threads\Managers\TimerThreadManager.h">
      <Filter>Threads\Managers</Filter>
    </ClInclude>
  </ItemGroup>
</Project>
